
Microsoft Visual Studio Solution File, Format Version 12.00
# Visual Studio 15
VisualStudioVersion = 15.0.27703.2035
MinimumVisualStudioVersion = 10.0.40219.1
Project("{9A19103F-16F7-4668-BE54-9A1E7A4F7556}") = "DotNetMDDocs", "DotNetMDDocs\DotNetMDDocs.csproj", "{5F41EF40-3E04-4C52-9063-D9627E1F5598}"
EndProject
Project("{9A19103F-16F7-4668-BE54-9A1E7A4F7556}") = "DotNetMDDocs.XmlDocParser", "DotNetMDDocs.XmlDocParser\DotNetMDDocs.XmlDocParser.csproj", "{59C9776A-36FC-4FFF-84C5-BE4826A491AF}"
EndProject
Project("{9A19103F-16F7-4668-BE54-9A1E7A4F7556}") = "DotNetMDDocs.Markdown", "DotNetMDDocs.Markdown\DotNetMDDocs.Markdown.csproj", "{388CEE4F-30B2-44A2-BD86-E33C3841B3C2}"
EndProject
Project("{FAE04EC0-301F-11D3-BF4B-00C04F79EFBC}") = "DotNetDocs", "DotNetDocs\DotNetDocs.csproj", "{A064F727-C167-4547-8529-6004776C4321}"
EndProject
Global
	GlobalSection(SolutionConfigurationPlatforms) = preSolution
		Debug|Any CPU = Debug|Any CPU
		Release|Any CPU = Release|Any CPU
	EndGlobalSection
	GlobalSection(ProjectConfigurationPlatforms) = postSolution
		{5F41EF40-3E04-4C52-9063-D9627E1F5598}.Debug|Any CPU.ActiveCfg = Debug|Any CPU
		{5F41EF40-3E04-4C52-9063-D9627E1F5598}.Debug|Any CPU.Build.0 = Debug|Any CPU
		{5F41EF40-3E04-4C52-9063-D9627E1F5598}.Release|Any CPU.ActiveCfg = Release|Any CPU
		{5F41EF40-3E04-4C52-9063-D9627E1F5598}.Release|Any CPU.Build.0 = Release|Any CPU
		{59C9776A-36FC-4FFF-84C5-BE4826A491AF}.Debug|Any CPU.ActiveCfg = Debug|Any CPU
		{59C9776A-36FC-4FFF-84C5-BE4826A491AF}.Debug|Any CPU.Build.0 = Debug|Any CPU
		{59C9776A-36FC-4FFF-84C5-BE4826A491AF}.Release|Any CPU.ActiveCfg = Release|Any CPU
		{59C9776A-36FC-4FFF-84C5-BE4826A491AF}.Release|Any CPU.Build.0 = Release|Any CPU
		{388CEE4F-30B2-44A2-BD86-E33C3841B3C2}.Debug|Any CPU.ActiveCfg = Debug|Any CPU
		{388CEE4F-30B2-44A2-BD86-E33C3841B3C2}.Debug|Any CPU.Build.0 = Debug|Any CPU
		{388CEE4F-30B2-44A2-BD86-E33C3841B3C2}.Release|Any CPU.ActiveCfg = Release|Any CPU
		{388CEE4F-30B2-44A2-BD86-E33C3841B3C2}.Release|Any CPU.Build.0 = Release|Any CPU
		{A064F727-C167-4547-8529-6004776C4321}.Debug|Any CPU.ActiveCfg = Debug|Any CPU
		{A064F727-C167-4547-8529-6004776C4321}.Debug|Any CPU.Build.0 = Debug|Any CPU
		{A064F727-C167-4547-8529-6004776C4321}.Release|Any CPU.ActiveCfg = Release|Any CPU
		{A064F727-C167-4547-8529-6004776C4321}.Release|Any CPU.Build.0 = Release|Any CPU
	EndGlobalSection
	GlobalSection(SolutionProperties) = preSolution
		HideSolutionNode = FALSE
	EndGlobalSection
	GlobalSection(ExtensibilityGlobals) = postSolution
		SolutionGuid = {DD23D2FB-B352-4C89-8383-5112D4AE770D}
	EndGlobalSection
EndGlobal
